
Microsoft Visual Studio Solution File, Format Version 12.00
# Visual Studio 2013
VisualStudioVersion = 12.0.21005.1
MinimumVisualStudioVersion = 10.0.40219.1
Project("{FAE04EC0-301F-11D3-BF4B-00C04F79EFBC}") = "WebApplicationLifeCycle", "WebApplicationLifeCycle\WebApplicationLifeCycle.csproj", "{49A4D1FD-66A7-4F82-9B12-EE5C9B9D125E}"
EndProject
Project("{FAE04EC0-301F-11D3-BF4B-00C04F79EFBC}") = "LifeCycleControllerFactory", "LifeCycleControllerFactory\LifeCycleControllerFactory.csproj", "{7DD6D741-26C0-4F7C-8DB0-C62F8926AF76}"
EndProject
Project("{FAE04EC0-301F-11D3-BF4B-00C04F79EFBC}") = "LifeCycleMethodExecution", "LifeCycleMethodExecution\LifeCycleMethodExecution.csproj", "{3CDF01DC-1F19-4E9E-8F9A-F570F2334C03}"
EndProject
Project("{FAE04EC0-301F-11D3-BF4B-00C04F79EFBC}") = "LifeCycleResultExecution", "LifeCycleResultExecution\LifeCycleResultExecution.csproj", "{FC586DF8-C6B9-448B-B591-75EDCF103372}"
EndProject
Global
	GlobalSection(SolutionConfigurationPlatforms) = preSolution
		Debug|Any CPU = Debug|Any CPU
		Release|Any CPU = Release|Any CPU
	EndGlobalSection
	GlobalSection(ProjectConfigurationPlatforms) = postSolution
		{49A4D1FD-66A7-4F82-9B12-EE5C9B9D125E}.Debug|Any CPU.ActiveCfg = Debug|Any CPU
		{49A4D1FD-66A7-4F82-9B12-EE5C9B9D125E}.Debug|Any CPU.Build.0 = Debug|Any CPU
		{49A4D1FD-66A7-4F82-9B12-EE5C9B9D125E}.Release|Any CPU.ActiveCfg = Release|Any CPU
		{49A4D1FD-66A7-4F82-9B12-EE5C9B9D125E}.Release|Any CPU.Build.0 = Release|Any CPU
		{7DD6D741-26C0-4F7C-8DB0-C62F8926AF76}.Debug|Any CPU.ActiveCfg = Debug|Any CPU
		{7DD6D741-26C0-4F7C-8DB0-C62F8926AF76}.Debug|Any CPU.Build.0 = Debug|Any CPU
		{7DD6D741-26C0-4F7C-8DB0-C62F8926AF76}.Release|Any CPU.ActiveCfg = Release|Any CPU
		{7DD6D741-26C0-4F7C-8DB0-C62F8926AF76}.Release|Any CPU.Build.0 = Release|Any CPU
		{3CDF01DC-1F19-4E9E-8F9A-F570F2334C03}.Debug|Any CPU.ActiveCfg = Debug|Any CPU
		{3CDF01DC-1F19-4E9E-8F9A-F570F2334C03}.Debug|Any CPU.Build.0 = Debug|Any CPU
		{3CDF01DC-1F19-4E9E-8F9A-F570F2334C03}.Release|Any CPU.ActiveCfg = Release|Any CPU
		{3CDF01DC-1F19-4E9E-8F9A-F570F2334C03}.Release|Any CPU.Build.0 = Release|Any CPU
		{FC586DF8-C6B9-448B-B591-75EDCF103372}.Debug|Any CPU.ActiveCfg = Debug|Any CPU
		{FC586DF8-C6B9-448B-B591-75EDCF103372}.Debug|Any CPU.Build.0 = Debug|Any CPU
		{FC586DF8-C6B9-448B-B591-75EDCF103372}.Release|Any CPU.ActiveCfg = Release|Any CPU
		{FC586DF8-C6B9-448B-B591-75EDCF103372}.Release|Any CPU.Build.0 = Release|Any CPU
	EndGlobalSection
	GlobalSection(SolutionProperties) = preSolution
		HideSolutionNode = FALSE
	EndGlobalSection
EndGlobal
